// !$*UTF8*$!
{
	archiveVersion = 1;
	classes = {
	};
	objectVersion = 55;
	objects = {

/* Begin PBXBuildFile section */
		7A70EC4528BD4088008FAC9A /* AppDelegate.swift in Sources */ = {isa = PBXBuildFile; fileRef = 7A70EC4428BD4088008FAC9A /* AppDelegate.swift */; };
		7A70EC4728BD4088008FAC9A /* SceneDelegate.swift in Sources */ = {isa = PBXBuildFile; fileRef = 7A70EC4628BD4088008FAC9A /* SceneDelegate.swift */; };
		7A70EC4928BD4088008FAC9A /* HomeViewController.swift in Sources */ = {isa = PBXBuildFile; fileRef = 7A70EC4828BD4088008FAC9A /* HomeViewController.swift */; };
		7A70EC4E28BD408A008FAC9A /* Assets.xcassets in Resources */ = {isa = PBXBuildFile; fileRef = 7A70EC4D28BD408A008FAC9A /* Assets.xcassets */; };
		7A70EC5128BD408A008FAC9A /* LaunchScreen.storyboard in Resources */ = {isa = PBXBuildFile; fileRef = 7A70EC4F28BD408A008FAC9A /* LaunchScreen.storyboard */; };
		7A70EC5B28BD417E008FAC9A /* TabBarViewController.swift in Sources */ = {isa = PBXBuildFile; fileRef = 7A70EC5A28BD417E008FAC9A /* TabBarViewController.swift */; };
		7A77B92628BE1622001A7083 /* APIError.swift in Sources */ = {isa = PBXBuildFile; fileRef = 7A77B92528BE1622001A7083 /* APIError.swift */; };
		7A7F141C28BF7A2300681599 /* MovieDetailsViewController.swift in Sources */ = {isa = PBXBuildFile; fileRef = 7A7F141B28BF7A2300681599 /* MovieDetailsViewController.swift */; };
		7A7F141E28BF962B00681599 /* Trailer.swift in Sources */ = {isa = PBXBuildFile; fileRef = 7A7F141D28BF962B00681599 /* Trailer.swift */; };
		7A7F142028BF983100681599 /* MovieDetailsViewModel.swift in Sources */ = {isa = PBXBuildFile; fileRef = 7A7F141F28BF983100681599 /* MovieDetailsViewModel.swift */; };
		7A7F142228BFA2AD00681599 /* PosterHeaderViewModel.swift in Sources */ = {isa = PBXBuildFile; fileRef = 7A7F142128BFA2AD00681599 /* PosterHeaderViewModel.swift */; };
		7AE9B4CC28BD45AA00235C3C /* HomeTableViewCell.swift in Sources */ = {isa = PBXBuildFile; fileRef = 7AE9B4CB28BD45AA00235C3C /* HomeTableViewCell.swift */; };
		7AE9B4CE28BD477200235C3C /* PosterCollectionViewCell.swift in Sources */ = {isa = PBXBuildFile; fileRef = 7AE9B4CD28BD477200235C3C /* PosterCollectionViewCell.swift */; };
		7AE9B4D028BD49F300235C3C /* PosterHeaderUIView.swift in Sources */ = {isa = PBXBuildFile; fileRef = 7AE9B4CF28BD49F300235C3C /* PosterHeaderUIView.swift */; };
		7AE9B4D328BD4B1B00235C3C /* APIService.swift in Sources */ = {isa = PBXBuildFile; fileRef = 7AE9B4D228BD4B1B00235C3C /* APIService.swift */; };
		7AE9B4D528BD4B6E00235C3C /* Constants.swift in Sources */ = {isa = PBXBuildFile; fileRef = 7AE9B4D428BD4B6E00235C3C /* Constants.swift */; };
		7AE9B4D928BD4CF200235C3C /* Movie.swift in Sources */ = {isa = PBXBuildFile; fileRef = 7AE9B4D828BD4CF200235C3C /* Movie.swift */; };
		7AE9B4DB28BD4DF700235C3C /* HomeViewModel.swift in Sources */ = {isa = PBXBuildFile; fileRef = 7AE9B4DA28BD4DF700235C3C /* HomeViewModel.swift */; };
		7AE9B4DE28BD504700235C3C /* SDWebImage in Frameworks */ = {isa = PBXBuildFile; productRef = 7AE9B4DD28BD504700235C3C /* SDWebImage */; };
		7AE9B4E028BD504700235C3C /* SDWebImageMapKit in Frameworks */ = {isa = PBXBuildFile; productRef = 7AE9B4DF28BD504700235C3C /* SDWebImageMapKit */; };
/* End PBXBuildFile section */

/* Begin PBXFileReference section */
		7A70EC4128BD4088008FAC9A /* MovieApp.app */ = {isa = PBXFileReference; explicitFileType = wrapper.application; includeInIndex = 0; path = MovieApp.app; sourceTree = BUILT_PRODUCTS_DIR; };
		7A70EC4428BD4088008FAC9A /* AppDelegate.swift */ = {isa = PBXFileReference; lastKnownFileType = sourcecode.swift; path = AppDelegate.swift; sourceTree = "<group>"; };
		7A70EC4628BD4088008FAC9A /* SceneDelegate.swift */ = {isa = PBXFileReference; lastKnownFileType = sourcecode.swift; path = SceneDelegate.swift; sourceTree = "<group>"; };
		7A70EC4828BD4088008FAC9A /* HomeViewController.swift */ = {isa = PBXFileReference; lastKnownFileType = sourcecode.swift; path = HomeViewController.swift; sourceTree = "<group>"; };
		7A70EC4D28BD408A008FAC9A /* Assets.xcassets */ = {isa = PBXFileReference; lastKnownFileType = folder.assetcatalog; path = Assets.xcassets; sourceTree = "<group>"; };
		7A70EC5028BD408A008FAC9A /* Base */ = {isa = PBXFileReference; lastKnownFileType = file.storyboard; name = Base; path = Base.lproj/LaunchScreen.storyboard; sourceTree = "<group>"; };
		7A70EC5228BD408A008FAC9A /* Info.plist */ = {isa = PBXFileReference; lastKnownFileType = text.plist.xml; path = Info.plist; sourceTree = "<group>"; };
		7A70EC5A28BD417E008FAC9A /* TabBarViewController.swift */ = {isa = PBXFileReference; lastKnownFileType = sourcecode.swift; path = TabBarViewController.swift; sourceTree = "<group>"; };
		7A77B92528BE1622001A7083 /* APIError.swift */ = {isa = PBXFileReference; lastKnownFileType = sourcecode.swift; path = APIError.swift; sourceTree = "<group>"; };
		7A7F141B28BF7A2300681599 /* MovieDetailsViewController.swift */ = {isa = PBXFileReference; lastKnownFileType = sourcecode.swift; path = MovieDetailsViewController.swift; sourceTree = "<group>"; };
		7A7F141D28BF962B00681599 /* Trailer.swift */ = {isa = PBXFileReference; lastKnownFileType = sourcecode.swift; path = Trailer.swift; sourceTree = "<group>"; };
		7A7F141F28BF983100681599 /* MovieDetailsViewModel.swift */ = {isa = PBXFileReference; lastKnownFileType = sourcecode.swift; path = MovieDetailsViewModel.swift; sourceTree = "<group>"; };
		7A7F142128BFA2AD00681599 /* PosterHeaderViewModel.swift */ = {isa = PBXFileReference; lastKnownFileType = sourcecode.swift; path = PosterHeaderViewModel.swift; sourceTree = "<group>"; };
		7AE9B4CB28BD45AA00235C3C /* HomeTableViewCell.swift */ = {isa = PBXFileReference; lastKnownFileType = sourcecode.swift; path = HomeTableViewCell.swift; sourceTree = "<group>"; };
		7AE9B4CD28BD477200235C3C /* PosterCollectionViewCell.swift */ = {isa = PBXFileReference; lastKnownFileType = sourcecode.swift; path = PosterCollectionViewCell.swift; sourceTree = "<group>"; };
		7AE9B4CF28BD49F300235C3C /* PosterHeaderUIView.swift */ = {isa = PBXFileReference; lastKnownFileType = sourcecode.swift; path = PosterHeaderUIView.swift; sourceTree = "<group>"; };
		7AE9B4D228BD4B1B00235C3C /* APIService.swift */ = {isa = PBXFileReference; lastKnownFileType = sourcecode.swift; path = APIService.swift; sourceTree = "<group>"; };
		7AE9B4D428BD4B6E00235C3C /* Constants.swift */ = {isa = PBXFileReference; lastKnownFileType = sourcecode.swift; path = Constants.swift; sourceTree = "<group>"; };
		7AE9B4D828BD4CF200235C3C /* Movie.swift */ = {isa = PBXFileReference; lastKnownFileType = sourcecode.swift; path = Movie.swift; sourceTree = "<group>"; };
		7AE9B4DA28BD4DF700235C3C /* HomeViewModel.swift */ = {isa = PBXFileReference; lastKnownFileType = sourcecode.swift; path = HomeViewModel.swift; sourceTree = "<group>"; };
/* End PBXFileReference section */

/* Begin PBXFrameworksBuildPhase section */
		7A70EC3E28BD4088008FAC9A /* Frameworks */ = {
			isa = PBXFrameworksBuildPhase;
			buildActionMask = 2147483647;
			files = (
				7AE9B4E028BD504700235C3C /* SDWebImageMapKit in Frameworks */,
				7AE9B4DE28BD504700235C3C /* SDWebImage in Frameworks */,
			);
			runOnlyForDeploymentPostprocessing = 0;
		};
/* End PBXFrameworksBuildPhase section */

/* Begin PBXGroup section */
		7A70EC3828BD4088008FAC9A = {
			isa = PBXGroup;
			children = (
				7A70EC4328BD4088008FAC9A /* MovieApp */,
				7A70EC4228BD4088008FAC9A /* Products */,
			);
			sourceTree = "<group>";
		};
		7A70EC4228BD4088008FAC9A /* Products */ = {
			isa = PBXGroup;
			children = (
				7A70EC4128BD4088008FAC9A /* MovieApp.app */,
			);
			name = Products;
			sourceTree = "<group>";
		};
		7A70EC4328BD4088008FAC9A /* MovieApp */ = {
			isa = PBXGroup;
			children = (
				7AE9B4D728BD4CDA00235C3C /* Models */,
				7AE9B4D628BD4CD500235C3C /* ViewModels */,
				7AE9B4D128BD4B0D00235C3C /* Service */,
				7AE9B4CA28BD456800235C3C /* Views */,
				7A70EC5928BD415F008FAC9A /* Controllers */,
				7A70EC5828BD4152008FAC9A /* Common */,
				7A70EC5228BD408A008FAC9A /* Info.plist */,
			);
			path = MovieApp;
			sourceTree = "<group>";
		};
		7A70EC5828BD4152008FAC9A /* Common */ = {
			isa = PBXGroup;
			children = (
				7A70EC4428BD4088008FAC9A /* AppDelegate.swift */,
				7A70EC4628BD4088008FAC9A /* SceneDelegate.swift */,
				7A70EC4D28BD408A008FAC9A /* Assets.xcassets */,
				7A70EC4F28BD408A008FAC9A /* LaunchScreen.storyboard */,
			);
			path = Common;
			sourceTree = "<group>";
		};
		7A70EC5928BD415F008FAC9A /* Controllers */ = {
			isa = PBXGroup;
			children = (
				7A70EC5A28BD417E008FAC9A /* TabBarViewController.swift */,
				7A70EC4828BD4088008FAC9A /* HomeViewController.swift */,
				7A7F141B28BF7A2300681599 /* MovieDetailsViewController.swift */,
			);
			path = Controllers;
			sourceTree = "<group>";
		};
		7AE9B4CA28BD456800235C3C /* Views */ = {
			isa = PBXGroup;
			children = (
				7AE9B4CB28BD45AA00235C3C /* HomeTableViewCell.swift */,
				7AE9B4CD28BD477200235C3C /* PosterCollectionViewCell.swift */,
				7AE9B4CF28BD49F300235C3C /* PosterHeaderUIView.swift */,
			);
			path = Views;
			sourceTree = "<group>";
		};
		7AE9B4D128BD4B0D00235C3C /* Service */ = {
			isa = PBXGroup;
			children = (
				7AE9B4D228BD4B1B00235C3C /* APIService.swift */,
				7AE9B4D428BD4B6E00235C3C /* Constants.swift */,
			);
			path = Service;
			sourceTree = "<group>";
		};
		7AE9B4D628BD4CD500235C3C /* ViewModels */ = {
			isa = PBXGroup;
			children = (
				7AE9B4DA28BD4DF700235C3C /* HomeViewModel.swift */,
				7A7F141F28BF983100681599 /* MovieDetailsViewModel.swift */,
				7A7F142128BFA2AD00681599 /* PosterHeaderViewModel.swift */,
			);
			path = ViewModels;
			sourceTree = "<group>";
		};
		7AE9B4D728BD4CDA00235C3C /* Models */ = {
			isa = PBXGroup;
			children = (
				7AE9B4D828BD4CF200235C3C /* Movie.swift */,
				7A77B92528BE1622001A7083 /* APIError.swift */,
				7A7F141D28BF962B00681599 /* Trailer.swift */,
			);
			path = Models;
			sourceTree = "<group>";
		};
/* End PBXGroup section */

/* Begin PBXNativeTarget section */
		7A70EC4028BD4088008FAC9A /* MovieApp */ = {
			isa = PBXNativeTarget;
			buildConfigurationList = 7A70EC5528BD408A008FAC9A /* Build configuration list for PBXNativeTarget "MovieApp" */;
			buildPhases = (
				7A70EC3D28BD4088008FAC9A /* Sources */,
				7A70EC3E28BD4088008FAC9A /* Frameworks */,
				7A70EC3F28BD4088008FAC9A /* Resources */,
			);
			buildRules = (
			);
			dependencies = (
			);
			name = MovieApp;
			packageProductDependencies = (
				7AE9B4DD28BD504700235C3C /* SDWebImage */,
				7AE9B4DF28BD504700235C3C /* SDWebImageMapKit */,
			);
			productName = MovieApp;
			productReference = 7A70EC4128BD4088008FAC9A /* MovieApp.app */;
			productType = "com.apple.product-type.application";
		};
/* End PBXNativeTarget section */

/* Begin PBXProject section */
		7A70EC3928BD4088008FAC9A /* Project object */ = {
			isa = PBXProject;
			attributes = {
				BuildIndependentTargetsInParallel = 1;
				LastSwiftUpdateCheck = 1340;
				LastUpgradeCheck = 1340;
				TargetAttributes = {
					7A70EC4028BD4088008FAC9A = {
						CreatedOnToolsVersion = 13.4.1;
					};
				};
			};
			buildConfigurationList = 7A70EC3C28BD4088008FAC9A /* Build configuration list for PBXProject "MovieApp" */;
			compatibilityVersion = "Xcode 13.0";
			developmentRegion = en;
			hasScannedForEncodings = 0;
			knownRegions = (
				en,
				Base,
			);
			mainGroup = 7A70EC3828BD4088008FAC9A;
			packageReferences = (
				7AE9B4DC28BD504700235C3C /* XCRemoteSwiftPackageReference "SDWebImage" */,
			);
			productRefGroup = 7A70EC4228BD4088008FAC9A /* Products */;
			projectDirPath = "";
			projectRoot = "";
			targets = (
				7A70EC4028BD4088008FAC9A /* MovieApp */,
			);
		};
/* End PBXProject section */

/* Begin PBXResourcesBuildPhase section */
		7A70EC3F28BD4088008FAC9A /* Resources */ = {
			isa = PBXResourcesBuildPhase;
			buildActionMask = 2147483647;
			files = (
				7A70EC5128BD408A008FAC9A /* LaunchScreen.storyboard in Resources */,
				7A70EC4E28BD408A008FAC9A /* Assets.xcassets in Resources */,
			);
			runOnlyForDeploymentPostprocessing = 0;
		};
/* End PBXResourcesBuildPhase section */

/* Begin PBXSourcesBuildPhase section */
		7A70EC3D28BD4088008FAC9A /* Sources */ = {
			isa = PBXSourcesBuildPhase;
			buildActionMask = 2147483647;
			files = (
				7A70EC5B28BD417E008FAC9A /* TabBarViewController.swift in Sources */,
				7AE9B4DB28BD4DF700235C3C /* HomeViewModel.swift in Sources */,
				7A7F141C28BF7A2300681599 /* MovieDetailsViewController.swift in Sources */,
				7AE9B4CC28BD45AA00235C3C /* HomeTableViewCell.swift in Sources */,
				7AE9B4D028BD49F300235C3C /* PosterHeaderUIView.swift in Sources */,
				7A7F142028BF983100681599 /* MovieDetailsViewModel.swift in Sources */,
				7A7F141E28BF962B00681599 /* Trailer.swift in Sources */,
				7A70EC4928BD4088008FAC9A /* HomeViewController.swift in Sources */,
				7A7F142228BFA2AD00681599 /* PosterHeaderViewModel.swift in Sources */,
				7A77B92628BE1622001A7083 /* APIError.swift in Sources */,
				7AE9B4D928BD4CF200235C3C /* Movie.swift in Sources */,
				7AE9B4CE28BD477200235C3C /* PosterCollectionViewCell.swift in Sources */,
				7A70EC4528BD4088008FAC9A /* AppDelegate.swift in Sources */,
				7AE9B4D328BD4B1B00235C3C /* APIService.swift in Sources */,
				7A70EC4728BD4088008FAC9A /* SceneDelegate.swift in Sources */,
				7AE9B4D528BD4B6E00235C3C /* Constants.swift in Sources */,
			);
			runOnlyForDeploymentPostprocessing = 0;
		};
/* End PBXSourcesBuildPhase section */

/* Begin PBXVariantGroup section */
		7A70EC4F28BD408A008FAC9A /* LaunchScreen.storyboard */ = {
			isa = PBXVariantGroup;
			children = (
				7A70EC5028BD408A008FAC9A /* Base */,
			);
			name = LaunchScreen.storyboard;
			sourceTree = "<group>";
		};
/* End PBXVariantGroup section */

/* Begin XCBuildConfiguration section */
		7A70EC5328BD408A008FAC9A /* Debug */ = {
			isa = XCBuildConfiguration;
			buildSettings = {
				ALWAYS_SEARCH_USER_PATHS = NO;
				CLANG_ANALYZER_NONNULL = YES;
				CLANG_ANALYZER_NUMBER_OBJECT_CONVERSION = YES_AGGRESSIVE;
				CLANG_CXX_LANGUAGE_STANDARD = "gnu++17";
				CLANG_ENABLE_MODULES = YES;
				CLANG_ENABLE_OBJC_ARC = YES;
				CLANG_ENABLE_OBJC_WEAK = YES;
				CLANG_WARN_BLOCK_CAPTURE_AUTORELEASING = YES;
				CLANG_WARN_BOOL_CONVERSION = YES;
				CLANG_WARN_COMMA = YES;
				CLANG_WARN_CONSTANT_CONVERSION = YES;
				CLANG_WARN_DEPRECATED_OBJC_IMPLEMENTATIONS = YES;
				CLANG_WARN_DIRECT_OBJC_ISA_USAGE = YES_ERROR;
				CLANG_WARN_DOCUMENTATION_COMMENTS = YES;
				CLANG_WARN_EMPTY_BODY = YES;
				CLANG_WARN_ENUM_CONVERSION = YES;
				CLANG_WARN_INFINITE_RECURSION = YES;
				CLANG_WARN_INT_CONVERSION = YES;
				CLANG_WARN_NON_LITERAL_NULL_CONVERSION = YES;
				CLANG_WARN_OBJC_IMPLICIT_RETAIN_SELF = YES;
				CLANG_WARN_OBJC_LITERAL_CONVERSION = YES;
				CLANG_WARN_OBJC_ROOT_CLASS = YES_ERROR;
				CLANG_WARN_QUOTED_INCLUDE_IN_FRAMEWORK_HEADER = YES;
				CLANG_WARN_RANGE_LOOP_ANALYSIS = YES;
				CLANG_WARN_STRICT_PROTOTYPES = YES;
				CLANG_WARN_SUSPICIOUS_MOVE = YES;
				CLANG_WARN_UNGUARDED_AVAILABILITY = YES_AGGRESSIVE;
				CLANG_WARN_UNREACHABLE_CODE = YES;
				CLANG_WARN__DUPLICATE_METHOD_MATCH = YES;
				COPY_PHASE_STRIP = NO;
				DEBUG_INFORMATION_FORMAT = dwarf;
				ENABLE_STRICT_OBJC_MSGSEND = YES;
				ENABLE_TESTABILITY = YES;
				GCC_C_LANGUAGE_STANDARD = gnu11;
				GCC_DYNAMIC_NO_PIC = NO;
				GCC_NO_COMMON_BLOCKS = YES;
				GCC_OPTIMIZATION_LEVEL = 0;
				GCC_PREPROCESSOR_DEFINITIONS = (
					"DEBUG=1",
					"$(inherited)",
				);
				GCC_WARN_64_TO_32_BIT_CONVERSION = YES;
				GCC_WARN_ABOUT_RETURN_TYPE = YES_ERROR;
				GCC_WARN_UNDECLARED_SELECTOR = YES;
				GCC_WARN_UNINITIALIZED_AUTOS = YES_AGGRESSIVE;
				GCC_WARN_UNUSED_FUNCTION = YES;
				GCC_WARN_UNUSED_VARIABLE = YES;
				IPHONEOS_DEPLOYMENT_TARGET = 15.5;
				MTL_ENABLE_DEBUG_INFO = INCLUDE_SOURCE;
				MTL_FAST_MATH = YES;
				ONLY_ACTIVE_ARCH = YES;
				SDKROOT = iphoneos;
				SWIFT_ACTIVE_COMPILATION_CONDITIONS = DEBUG;
				SWIFT_OPTIMIZATION_LEVEL = "-Onone";
			};
			name = Debug;
		};
		7A70EC5428BD408A008FAC9A /* Release */ = {
			isa = XCBuildConfiguration;
			buildSettings = {
				ALWAYS_SEARCH_USER_PATHS = NO;
				CLANG_ANALYZER_NONNULL = YES;
				CLANG_ANALYZER_NUMBER_OBJECT_CONVERSION = YES_AGGRESSIVE;
				CLANG_CXX_LANGUAGE_STANDARD = "gnu++17";
				CLANG_ENABLE_MODULES = YES;
				CLANG_ENABLE_OBJC_ARC = YES;
				CLANG_ENABLE_OBJC_WEAK = YES;
				CLANG_WARN_BLOCK_CAPTURE_AUTORELEASING = YES;
				CLANG_WARN_BOOL_CONVERSION = YES;
				CLANG_WARN_COMMA = YES;
				CLANG_WARN_CONSTANT_CONVERSION = YES;
				CLANG_WARN_DEPRECATED_OBJC_IMPLEMENTATIONS = YES;
				CLANG_WARN_DIRECT_OBJC_ISA_USAGE = YES_ERROR;
				CLANG_WARN_DOCUMENTATION_COMMENTS = YES;
				CLANG_WARN_EMPTY_BODY = YES;
				CLANG_WARN_ENUM_CONVERSION = YES;
				CLANG_WARN_INFINITE_RECURSION = YES;
				CLANG_WARN_INT_CONVERSION = YES;
				CLANG_WARN_NON_LITERAL_NULL_CONVERSION = YES;
				CLANG_WARN_OBJC_IMPLICIT_RETAIN_SELF = YES;
				CLANG_WARN_OBJC_LITERAL_CONVERSION = YES;
				CLANG_WARN_OBJC_ROOT_CLASS = YES_ERROR;
				CLANG_WARN_QUOTED_INCLUDE_IN_FRAMEWORK_HEADER = YES;
				CLANG_WARN_RANGE_LOOP_ANALYSIS = YES;
				CLANG_WARN_STRICT_PROTOTYPES = YES;
				CLANG_WARN_SUSPICIOUS_MOVE = YES;
				CLANG_WARN_UNGUARDED_AVAILABILITY = YES_AGGRESSIVE;
				CLANG_WARN_UNREACHABLE_CODE = YES;
				CLANG_WARN__DUPLICATE_METHOD_MATCH = YES;
				COPY_PHASE_STRIP = NO;
				DEBUG_INFORMATION_FORMAT = "dwarf-with-dsym";
				ENABLE_NS_ASSERTIONS = NO;
				ENABLE_STRICT_OBJC_MSGSEND = YES;
				GCC_C_LANGUAGE_STANDARD = gnu11;
				GCC_NO_COMMON_BLOCKS = YES;
				GCC_WARN_64_TO_32_BIT_CONVERSION = YES;
				GCC_WARN_ABOUT_RETURN_TYPE = YES_ERROR;
				GCC_WARN_UNDECLARED_SELECTOR = YES;
				GCC_WARN_UNINITIALIZED_AUTOS = YES_AGGRESSIVE;
				GCC_WARN_UNUSED_FUNCTION = YES;
				GCC_WARN_UNUSED_VARIABLE = YES;
				IPHONEOS_DEPLOYMENT_TARGET = 15.5;
				MTL_ENABLE_DEBUG_INFO = NO;
				MTL_FAST_MATH = YES;
				SDKROOT = iphoneos;
				SWIFT_COMPILATION_MODE = wholemodule;
				SWIFT_OPTIMIZATION_LEVEL = "-O";
				VALIDATE_PRODUCT = YES;
			};
			name = Release;
		};
		7A70EC5628BD408A008FAC9A /* Debug */ = {
			isa = XCBuildConfiguration;
			buildSettings = {
				ASSETCATALOG_COMPILER_APPICON_NAME = AppIcon;
				ASSETCATALOG_COMPILER_GLOBAL_ACCENT_COLOR_NAME = AccentColor;
				CODE_SIGN_STYLE = Automatic;
				CURRENT_PROJECT_VERSION = 1;
				GENERATE_INFOPLIST_FILE = YES;
				INFOPLIST_FILE = MovieApp/Info.plist;
				INFOPLIST_KEY_UIApplicationSupportsIndirectInputEvents = YES;
				INFOPLIST_KEY_UILaunchStoryboardName = LaunchScreen;
				INFOPLIST_KEY_UISupportedInterfaceOrientations_iPad = "UIInterfaceOrientationPortrait UIInterfaceOrientationPortraitUpsideDown UIInterfaceOrientationLandscapeLeft UIInterfaceOrientationLandscapeRight";
				INFOPLIST_KEY_UISupportedInterfaceOrientations_iPhone = "UIInterfaceOrientationPortrait UIInterfaceOrientationLandscapeLeft UIInterfaceOrientationLandscapeRight";
				LD_RUNPATH_SEARCH_PATHS = (
					"$(inherited)",
					"@executable_path/Frameworks",
				);
				MARKETING_VERSION = 1.0;
				PRODUCT_BUNDLE_IDENTIFIER = com.yunusekoca.MovieApp;
				PRODUCT_NAME = "$(TARGET_NAME)";
				SWIFT_EMIT_LOC_STRINGS = YES;
				SWIFT_VERSION = 5.0;
				TARGETED_DEVICE_FAMILY = "1,2";
			};
			name = Debug;
		};
		7A70EC5728BD408A008FAC9A /* Release */ = {
			isa = XCBuildConfiguration;
			buildSettings = {
				ASSETCATALOG_COMPILER_APPICON_NAME = AppIcon;
				ASSETCATALOG_COMPILER_GLOBAL_ACCENT_COLOR_NAME = AccentColor;
				CODE_SIGN_STYLE = Automatic;
				CURRENT_PROJECT_VERSION = 1;
				GENERATE_INFOPLIST_FILE = YES;
				INFOPLIST_FILE = MovieApp/Info.plist;
				INFOPLIST_KEY_UIApplicationSupportsIndirectInputEvents = YES;
				INFOPLIST_KEY_UILaunchStoryboardName = LaunchScreen;
				INFOPLIST_KEY_UISupportedInterfaceOrientations_iPad = "UIInterfaceOrientationPortrait UIInterfaceOrientationPortraitUpsideDown UIInterfaceOrientationLandscapeLeft UIInterfaceOrientationLandscapeRight";
				INFOPLIST_KEY_UISupportedInterfaceOrientations_iPhone = "UIInterfaceOrientationPortrait UIInterfaceOrientationLandscapeLeft UIInterfaceOrientationLandscapeRight";
				LD_RUNPATH_SEARCH_PATHS = (
					"$(inherited)",
					"@executable_path/Frameworks",
				);
				MARKETING_VERSION = 1.0;
				PRODUCT_BUNDLE_IDENTIFIER = com.yunusekoca.MovieApp;
				PRODUCT_NAME = "$(TARGET_NAME)";
				SWIFT_EMIT_LOC_STRINGS = YES;
				SWIFT_VERSION = 5.0;
				TARGETED_DEVICE_FAMILY = "1,2";
			};
			name = Release;
		};
/* End XCBuildConfiguration section */

/* Begin XCConfigurationList section */
		7A70EC3C28BD4088008FAC9A /* Build configuration list for PBXProject "MovieApp" */ = {
			isa = XCConfigurationList;
			buildConfigurations = (
				7A70EC5328BD408A008FAC9A /* Debug */,
				7A70EC5428BD408A008FAC9A /* Release */,
			);
			defaultConfigurationIsVisible = 0;
			defaultConfigurationName = Release;
		};
		7A70EC5528BD408A008FAC9A /* Build configuration list for PBXNativeTarget "MovieApp" */ = {
			isa = XCConfigurationList;
			buildConfigurations = (
				7A70EC5628BD408A008FAC9A /* Debug */,
				7A70EC5728BD408A008FAC9A /* Release */,
			);
			defaultConfigurationIsVisible = 0;
			defaultConfigurationName = Release;
		};
/* End XCConfigurationList section */

/* Begin XCRemoteSwiftPackageReference section */
		7AE9B4DC28BD504700235C3C /* XCRemoteSwiftPackageReference "SDWebImage" */ = {
			isa = XCRemoteSwiftPackageReference;
			repositoryURL = "https://github.com/SDWebImage/SDWebImage.git";
			requirement = {
				branch = master;
				kind = branch;
			};
		};
/* End XCRemoteSwiftPackageReference section */

/* Begin XCSwiftPackageProductDependency section */
		7AE9B4DD28BD504700235C3C /* SDWebImage */ = {
			isa = XCSwiftPackageProductDependency;
			package = 7AE9B4DC28BD504700235C3C /* XCRemoteSwiftPackageReference "SDWebImage" */;
			productName = SDWebImage;
		};
		7AE9B4DF28BD504700235C3C /* SDWebImageMapKit */ = {
			isa = XCSwiftPackageProductDependency;
			package = 7AE9B4DC28BD504700235C3C /* XCRemoteSwiftPackageReference "SDWebImage" */;
			productName = SDWebImageMapKit;
		};
/* End XCSwiftPackageProductDependency section */
	};
	rootObject = 7A70EC3928BD4088008FAC9A /* Project object */;
}
